// !$*UTF8*$!
{
	archiveVersion = 1;
	classes = {
	};
	objectVersion = 46;
	objects = {

/* Begin PBXBuildFile section */
		9C006B4143BDBD1374743756 /* libPods-OTAnnotationAcceleratorTests.a in Frameworks */ = {isa = PBXBuildFile; fileRef = B5253AEB99C20586D7CF69BE /* libPods-OTAnnotationAcceleratorTests.a */; };
		9D47F185176349E1489A4251 /* libPods-OTAnnotationAccelerator.a in Frameworks */ = {isa = PBXBuildFile; fileRef = 86AB544FB607E918FC69F198 /* libPods-OTAnnotationAccelerator.a */; };
		A018FABB1DA46B9100C118F9 /* Podfile in Resources */ = {isa = PBXBuildFile; fileRef = A018FAB91DA46B9100C118F9 /* Podfile */; };
		A09DFEA71E92EB2A00BD5946 /* OTAnnotationAcceleratorBundle.bundle in Resources */ = {isa = PBXBuildFile; fileRef = A09DFEA61E92EB2A00BD5946 /* OTAnnotationAcceleratorBundle.bundle */; };
		A09DFEA81E92EEFF00BD5946 /* SendAnnotationViewController.swift in Sources */ = {isa = PBXBuildFile; fileRef = A09DFEA31E92E8A000BD5946 /* SendAnnotationViewController.swift */; };
		A09DFEC71E937BA600BD5946 /* OTAnnotationColorPickerViewTests.m in Sources */ = {isa = PBXBuildFile; fileRef = A0B38D771E8F8DE800642C21 /* OTAnnotationColorPickerViewTests.m */; };
		A09DFEC81E937BA600BD5946 /* OTAnnotationDataManagerTests.m in Sources */ = {isa = PBXBuildFile; fileRef = A0B38D781E8F8DE800642C21 /* OTAnnotationDataManagerTests.m */; };
		A09DFEC91E937BA600BD5946 /* OTAnnotationEditTextViewControllerTests.m in Sources */ = {isa = PBXBuildFile; fileRef = A0B38D791E8F8DE800642C21 /* OTAnnotationEditTextViewControllerTests.m */; };
		A09DFECA1E937BA600BD5946 /* OTAnnotationKitTests.m in Sources */ = {isa = PBXBuildFile; fileRef = A0B38D7A1E8F8DE800642C21 /* OTAnnotationKitTests.m */; };
		A09DFECB1E937BA600BD5946 /* OTAnnotationPathTests.m in Sources */ = {isa = PBXBuildFile; fileRef = A0B38D7B1E8F8DE800642C21 /* OTAnnotationPathTests.m */; };
		A09DFECC1E937BA600BD5946 /* OTAnnotationScreenCaptureViewTests.m in Sources */ = {isa = PBXBuildFile; fileRef = A0B38D7C1E8F8DE800642C21 /* OTAnnotationScreenCaptureViewTests.m */; };
		A09DFECD1E937BA600BD5946 /* OTAnnotationScrollViewTests.m in Sources */ = {isa = PBXBuildFile; fileRef = A0B38D7D1E8F8DE800642C21 /* OTAnnotationScrollViewTests.m */; };
		A09DFECE1E937BA600BD5946 /* OTAnnotationTextView.m in Sources */ = {isa = PBXBuildFile; fileRef = A0B38D7E1E8F8DE800642C21 /* OTAnnotationTextView.m */; };
		A09DFECF1E937BA600BD5946 /* OTAnnotationViewTests.m in Sources */ = {isa = PBXBuildFile; fileRef = A0B38D7F1E8F8DE800642C21 /* OTAnnotationViewTests.m */; };
		A09DFED01E937BA600BD5946 /* OTFullScreenAnnotationViewControllerTests.m in Sources */ = {isa = PBXBuildFile; fileRef = A0B38D801E8F8DE800642C21 /* OTFullScreenAnnotationViewControllerTests.m */; };
		A0B38D141E8F8D8F00642C21 /* AnnLoggingWrapper.m in Sources */ = {isa = PBXBuildFile; fileRef = A0B38CDD1E8F8D8F00642C21 /* AnnLoggingWrapper.m */; };
		A0B38D151E8F8D8F00642C21 /* JSON.m in Sources */ = {isa = PBXBuildFile; fileRef = A0B38CE01E8F8D8F00642C21 /* JSON.m */; };
		A0B38D161E8F8D8F00642C21 /* OTAnnotationToolbarView+Animation.m in Sources */ = {isa = PBXBuildFile; fileRef = A0B38CE21E8F8D8F00642C21 /* OTAnnotationToolbarView+Animation.m */; };
		A0B38D171E8F8D8F00642C21 /* UIButton+AutoLayoutHelper.m in Sources */ = {isa = PBXBuildFile; fileRef = A0B38CE41E8F8D8F00642C21 /* UIButton+AutoLayoutHelper.m */; };
		A0B38D181E8F8D8F00642C21 /* UIColor+HexString.m in Sources */ = {isa = PBXBuildFile; fileRef = A0B38CE61E8F8D8F00642C21 /* UIColor+HexString.m */; };
		A0B38D191E8F8D8F00642C21 /* UIView+Helper.m in Sources */ = {isa = PBXBuildFile; fileRef = A0B38CE81E8F8D8F00642C21 /* UIView+Helper.m */; };
		A0B38D1A1E8F8D8F00642C21 /* UIViewController+Helper.m in Sources */ = {isa = PBXBuildFile; fileRef = A0B38CEA1E8F8D8F00642C21 /* UIViewController+Helper.m */; };
		A0B38D1C1E8F8D8F00642C21 /* OTAnnotationKitBundle.m in Sources */ = {isa = PBXBuildFile; fileRef = A0B38CEE1E8F8D8F00642C21 /* OTAnnotationKitBundle.m */; };
		A0B38D1D1E8F8D8F00642C21 /* OTAnnotationDataManager.m in Sources */ = {isa = PBXBuildFile; fileRef = A0B38CF21E8F8D8F00642C21 /* OTAnnotationDataManager.m */; };
		A0B38D1E1E8F8D8F00642C21 /* OTAnnotationPath.m in Sources */ = {isa = PBXBuildFile; fileRef = A0B38CF41E8F8D8F00642C21 /* OTAnnotationPath.m */; };
		A0B38D1F1E8F8D8F00642C21 /* OTAnnotationTextView+Gesture.m in Sources */ = {isa = PBXBuildFile; fileRef = A0B38CF61E8F8D8F00642C21 /* OTAnnotationTextView+Gesture.m */; };
		A0B38D201E8F8D8F00642C21 /* OTAnnotationTextView.m in Sources */ = {isa = PBXBuildFile; fileRef = A0B38CF81E8F8D8F00642C21 /* OTAnnotationTextView.m */; };
		A0B38D211E8F8D8F00642C21 /* OTAnnotationView.m in Sources */ = {isa = PBXBuildFile; fileRef = A0B38CFB1E8F8D8F00642C21 /* OTAnnotationView.m */; };
		A0B38D221E8F8D8F00642C21 /* OTAnnotationColorPickerView.m in Sources */ = {isa = PBXBuildFile; fileRef = A0B38CFF1E8F8D8F00642C21 /* OTAnnotationColorPickerView.m */; };
		A0B38D231E8F8D8F00642C21 /* OTAnnotationScrollView.m in Sources */ = {isa = PBXBuildFile; fileRef = A0B38D011E8F8D8F00642C21 /* OTAnnotationScrollView.m */; };
		A0B38D241E8F8D8F00642C21 /* OTFullScreenAnnotationViewController.m in Sources */ = {isa = PBXBuildFile; fileRef = A0B38D041E8F8D8F00642C21 /* OTFullScreenAnnotationViewController.m */; };
		A0B38D251E8F8D8F00642C21 /* OTAnnotationScreenCaptureView.m in Sources */ = {isa = PBXBuildFile; fileRef = A0B38D071E8F8D8F00642C21 /* OTAnnotationScreenCaptureView.m */; };
		A0B38D261E8F8D8F00642C21 /* OTAnnotationScreenCaptureViewController.m in Sources */ = {isa = PBXBuildFile; fileRef = A0B38D091E8F8D8F00642C21 /* OTAnnotationScreenCaptureViewController.m */; };
		A0B38D271E8F8D8F00642C21 /* OTAnnotationEditTextViewController.m in Sources */ = {isa = PBXBuildFile; fileRef = A0B38D0C1E8F8D8F00642C21 /* OTAnnotationEditTextViewController.m */; };
		A0B38D281E8F8D8F00642C21 /* OTAnnotationToolbarView.m in Sources */ = {isa = PBXBuildFile; fileRef = A0B38D0F1E8F8D8F00642C21 /* OTAnnotationToolbarView.m */; };
		A0B38D291E8F8D8F00642C21 /* OTAnnotator.m in Sources */ = {isa = PBXBuildFile; fileRef = A0B38D131E8F8D8F00642C21 /* OTAnnotator.m */; };
		A0B38D461E8F8DD000642C21 /* AnnotationBlankCanvasViewController.swift in Sources */ = {isa = PBXBuildFile; fileRef = A0B38D2B1E8F8DD000642C21 /* AnnotationBlankCanvasViewController.swift */; };
		A0B38D491E8F8DD000642C21 /* AnnotationOnScreenViewController.swift in Sources */ = {isa = PBXBuildFile; fileRef = A0B38D2E1E8F8DD000642C21 /* AnnotationOnScreenViewController.swift */; };
		A0B38D4A1E8F8DD000642C21 /* AppDelegate.m in Sources */ = {isa = PBXBuildFile; fileRef = A0B38D301E8F8DD000642C21 /* AppDelegate.m */; };
		A0B38D4B1E8F8DD000642C21 /* Assets.xcassets in Resources */ = {isa = PBXBuildFile; fileRef = A0B38D311E8F8DD000642C21 /* Assets.xcassets */; };
		A0B38D4C1E8F8DD000642C21 /* LaunchScreen.storyboard in Resources */ = {isa = PBXBuildFile; fileRef = A0B38D321E8F8DD000642C21 /* LaunchScreen.storyboard */; };
		A0B38D4D1E8F8DD000642C21 /* Main.storyboard in Resources */ = {isa = PBXBuildFile; fileRef = A0B38D341E8F8DD000642C21 /* Main.storyboard */; };
		A0B38D4F1E8F8DD000642C21 /* main.m in Sources */ = {isa = PBXBuildFile; fileRef = A0B38D371E8F8DD000642C21 /* main.m */; };
		A0B38D501E8F8DD000642C21 /* mvc.png in Resources */ = {isa = PBXBuildFile; fileRef = A0B38D381E8F8DD000642C21 /* mvc.png */; };
		A0B38D531E8F8DD000642C21 /* ReceiveAnnotationViewController.m in Sources */ = {isa = PBXBuildFile; fileRef = A0B38D3E1E8F8DD000642C21 /* ReceiveAnnotationViewController.m */; };
		A0B38DB11E8F8E4600642C21 /* Assets.xcassets in Resources */ = {isa = PBXBuildFile; fileRef = A0B38DA01E8F8DF200642C21 /* Assets.xcassets */; };
		A0B38DB21E8F8E4E00642C21 /* OTAnnotationEditTextViewController.xib in Resources */ = {isa = PBXBuildFile; fileRef = A0B38DA21E8F8DF200642C21 /* OTAnnotationEditTextViewController.xib */; };
		A0B38DB31E8F8E4E00642C21 /* OTAnnotationScreenCaptureViewController.xib in Resources */ = {isa = PBXBuildFile; fileRef = A0B38DA31E8F8DF200642C21 /* OTAnnotationScreenCaptureViewController.xib */; };
		A0B38DB61E8F913000642C21 /* OTAnnotationAccelerator.podspec in Resources */ = {isa = PBXBuildFile; fileRef = A0B38DB51E8F913000642C21 /* OTAnnotationAccelerator.podspec */; };
/* End PBXBuildFile section */

/* Begin PBXContainerItemProxy section */
		A0AB57711D2C392D00F8410B /* PBXContainerItemProxy */ = {
			isa = PBXContainerItemProxy;
			containerPortal = A0DB6E401D230BC900E14C86 /* Project object */;
			proxyType = 1;
			remoteGlobalIDString = A0DB6E471D230BC900E14C86;
			remoteInfo = OTAnnotationAccPackKit;
		};
/* End PBXContainerItemProxy section */

/* Begin PBXCopyFilesBuildPhase section */
		A0DB6E731D230BF500E14C86 /* Embed Frameworks */ = {
			isa = PBXCopyFilesBuildPhase;
			buildActionMask = 2147483647;
			dstPath = "";
			dstSubfolderSpec = 10;
			files = (
			);
			name = "Embed Frameworks";
			runOnlyForDeploymentPostprocessing = 0;
		};
/* End PBXCopyFilesBuildPhase section */

/* Begin PBXFileReference section */
		0D9B2A8B347CBC969F13B1FB /* Pods-OTAnnotationAcceleratorTests.debug.xcconfig */ = {isa = PBXFileReference; includeInIndex = 1; lastKnownFileType = text.xcconfig; name = "Pods-OTAnnotationAcceleratorTests.debug.xcconfig"; path = "Target Support Files/Pods-OTAnnotationAcceleratorTests/Pods-OTAnnotationAcceleratorTests.debug.xcconfig"; sourceTree = "<group>"; };
		86AB544FB607E918FC69F198 /* libPods-OTAnnotationAccelerator.a */ = {isa = PBXFileReference; explicitFileType = archive.ar; includeInIndex = 0; path = "libPods-OTAnnotationAccelerator.a"; sourceTree = BUILT_PRODUCTS_DIR; };
		8AAD283866C2B496179A051A /* Pods-OTAnnotationAccelerator.release.xcconfig */ = {isa = PBXFileReference; includeInIndex = 1; lastKnownFileType = text.xcconfig; name = "Pods-OTAnnotationAccelerator.release.xcconfig"; path = "Target Support Files/Pods-OTAnnotationAccelerator/Pods-OTAnnotationAccelerator.release.xcconfig"; sourceTree = "<group>"; };
		A018FAB91DA46B9100C118F9 /* Podfile */ = {isa = PBXFileReference; fileEncoding = 4; lastKnownFileType = text; path = Podfile; sourceTree = "<group>"; xcLanguageSpecificationIdentifier = xcode.lang.ruby; };
		A09DFEA31E92E8A000BD5946 /* SendAnnotationViewController.swift */ = {isa = PBXFileReference; fileEncoding = 4; lastKnownFileType = sourcecode.swift; path = SendAnnotationViewController.swift; sourceTree = "<group>"; };
		A09DFEA61E92EB2A00BD5946 /* OTAnnotationAcceleratorBundle.bundle */ = {isa = PBXFileReference; lastKnownFileType = "wrapper.plug-in"; path = OTAnnotationAcceleratorBundle.bundle; sourceTree = "<group>"; };
		A0AB576D1D2C392D00F8410B /* OTAnnotationAcceleratorTests.xctest */ = {isa = PBXFileReference; explicitFileType = wrapper.cfbundle; includeInIndex = 0; path = OTAnnotationAcceleratorTests.xctest; sourceTree = BUILT_PRODUCTS_DIR; };
		A0AB58351D2C4FDF00F8410B /* OTAnnotationAcceleratorBundle.bundle */ = {isa = PBXFileReference; explicitFileType = wrapper.cfbundle; includeInIndex = 0; path = OTAnnotationAcceleratorBundle.bundle; sourceTree = BUILT_PRODUCTS_DIR; };
		A0B38CDC1E8F8D8F00642C21 /* AnnLoggingWrapper.h */ = {isa = PBXFileReference; fileEncoding = 4; lastKnownFileType = sourcecode.c.h; path = AnnLoggingWrapper.h; sourceTree = "<group>"; };
		A0B38CDD1E8F8D8F00642C21 /* AnnLoggingWrapper.m */ = {isa = PBXFileReference; fileEncoding = 4; lastKnownFileType = sourcecode.c.objc; path = AnnLoggingWrapper.m; sourceTree = "<group>"; };
		A0B38CDF1E8F8D8F00642C21 /* JSON.h */ = {isa = PBXFileReference; fileEncoding = 4; lastKnownFileType = sourcecode.c.h; path = JSON.h; sourceTree = "<group>"; };
		A0B38CE01E8F8D8F00642C21 /* JSON.m */ = {isa = PBXFileReference; fileEncoding = 4; lastKnownFileType = sourcecode.c.objc; path = JSON.m; sourceTree = "<group>"; };
		A0B38CE11E8F8D8F00642C21 /* OTAnnotationToolbarView+Animation.h */ = {isa = PBXFileReference; fileEncoding = 4; lastKnownFileType = sourcecode.c.h; path = "OTAnnotationToolbarView+Animation.h"; sourceTree = "<group>"; };
		A0B38CE21E8F8D8F00642C21 /* OTAnnotationToolbarView+Animation.m */ = {isa = PBXFileReference; fileEncoding = 4; lastKnownFileType = sourcecode.c.objc; path = "OTAnnotationToolbarView+Animation.m"; sourceTree = "<group>"; };
		A0B38CE31E8F8D8F00642C21 /* UIButton+AutoLayoutHelper.h */ = {isa = PBXFileReference; fileEncoding = 4; lastKnownFileType = sourcecode.c.h; path = "UIButton+AutoLayoutHelper.h"; sourceTree = "<group>"; };
		A0B38CE41E8F8D8F00642C21 /* UIButton+AutoLayoutHelper.m */ = {isa = PBXFileReference; fileEncoding = 4; lastKnownFileType = sourcecode.c.objc; path = "UIButton+AutoLayoutHelper.m"; sourceTree = "<group>"; };
		A0B38CE51E8F8D8F00642C21 /* UIColor+HexString.h */ = {isa = PBXFileReference; fileEncoding = 4; lastKnownFileType = sourcecode.c.h; path = "UIColor+HexString.h"; sourceTree = "<group>"; };
		A0B38CE61E8F8D8F00642C21 /* UIColor+HexString.m */ = {isa = PBXFileReference; fileEncoding = 4; lastKnownFileType = sourcecode.c.objc; path = "UIColor+HexString.m"; sourceTree = "<group>"; };
		A0B38CE71E8F8D8F00642C21 /* UIView+Helper.h */ = {isa = PBXFileReference; fileEncoding = 4; lastKnownFileType = sourcecode.c.h; path = "UIView+Helper.h"; sourceTree = "<group>"; };
		A0B38CE81E8F8D8F00642C21 /* UIView+Helper.m */ = {isa = PBXFileReference; fileEncoding = 4; lastKnownFileType = sourcecode.c.objc; path = "UIView+Helper.m"; sourceTree = "<group>"; };
		A0B38CE91E8F8D8F00642C21 /* UIViewController+Helper.h */ = {isa = PBXFileReference; fileEncoding = 4; lastKnownFileType = sourcecode.c.h; path = "UIViewController+Helper.h"; sourceTree = "<group>"; };
		A0B38CEA1E8F8D8F00642C21 /* UIViewController+Helper.m */ = {isa = PBXFileReference; fileEncoding = 4; lastKnownFileType = sourcecode.c.objc; path = "UIViewController+Helper.m"; sourceTree = "<group>"; };
		A0B38CEB1E8F8D8F00642C21 /* Constants.h */ = {isa = PBXFileReference; fileEncoding = 4; lastKnownFileType = sourcecode.c.h; path = Constants.h; sourceTree = "<group>"; };
		A0B38CEC1E8F8D8F00642C21 /* Info.plist */ = {isa = PBXFileReference; fileEncoding = 4; lastKnownFileType = text.plist.xml; path = Info.plist; sourceTree = "<group>"; };
		A0B38CED1E8F8D8F00642C21 /* OTAnnotationKitBundle.h */ = {isa = PBXFileReference; fileEncoding = 4; lastKnownFileType = sourcecode.c.h; path = OTAnnotationKitBundle.h; sourceTree = "<group>"; };
		A0B38CEE1E8F8D8F00642C21 /* OTAnnotationKitBundle.m */ = {isa = PBXFileReference; fileEncoding = 4; lastKnownFileType = sourcecode.c.objc; path = OTAnnotationKitBundle.m; sourceTree = "<group>"; };
		A0B38CF01E8F8D8F00642C21 /* OTAnnotatable.h */ = {isa = PBXFileReference; fileEncoding = 4; lastKnownFileType = sourcecode.c.h; path = OTAnnotatable.h; sourceTree = "<group>"; };
		A0B38CF11E8F8D8F00642C21 /* OTAnnotationDataManager.h */ = {isa = PBXFileReference; fileEncoding = 4; lastKnownFileType = sourcecode.c.h; path = OTAnnotationDataManager.h; sourceTree = "<group>"; };
		A0B38CF21E8F8D8F00642C21 /* OTAnnotationDataManager.m */ = {isa = PBXFileReference; fileEncoding = 4; lastKnownFileType = sourcecode.c.objc; path = OTAnnotationDataManager.m; sourceTree = "<group>"; };
		A0B38CF31E8F8D8F00642C21 /* OTAnnotationPath.h */ = {isa = PBXFileReference; fileEncoding = 4; lastKnownFileType = sourcecode.c.h; path = OTAnnotationPath.h; sourceTree = "<group>"; };
		A0B38CF41E8F8D8F00642C21 /* OTAnnotationPath.m */ = {isa = PBXFileReference; fileEncoding = 4; lastKnownFileType = sourcecode.c.objc; path = OTAnnotationPath.m; sourceTree = "<group>"; };
		A0B38CF51E8F8D8F00642C21 /* OTAnnotationTextView+Gesture.h */ = {isa = PBXFileReference; fileEncoding = 4; lastKnownFileType = sourcecode.c.h; path = "OTAnnotationTextView+Gesture.h"; sourceTree = "<group>"; };
		A0B38CF61E8F8D8F00642C21 /* OTAnnotationTextView+Gesture.m */ = {isa = PBXFileReference; fileEncoding = 4; lastKnownFileType = sourcecode.c.objc; path = "OTAnnotationTextView+Gesture.m"; sourceTree = "<group>"; };
		A0B38CF71E8F8D8F00642C21 /* OTAnnotationTextView.h */ = {isa = PBXFileReference; fileEncoding = 4; lastKnownFileType = sourcecode.c.h; path = OTAnnotationTextView.h; sourceTree = "<group>"; };
		A0B38CF81E8F8D8F00642C21 /* OTAnnotationTextView.m */ = {isa = PBXFileReference; fileEncoding = 4; lastKnownFileType = sourcecode.c.objc; path = OTAnnotationTextView.m; sourceTree = "<group>"; };
		A0B38CF91E8F8D8F00642C21 /* OTAnnotationTextView_Gesture.h */ = {isa = PBXFileReference; fileEncoding = 4; lastKnownFileType = sourcecode.c.h; path = OTAnnotationTextView_Gesture.h; sourceTree = "<group>"; };
		A0B38CFA1E8F8D8F00642C21 /* OTAnnotationView.h */ = {isa = PBXFileReference; fileEncoding = 4; lastKnownFileType = sourcecode.c.h; path = OTAnnotationView.h; sourceTree = "<group>"; };
		A0B38CFB1E8F8D8F00642C21 /* OTAnnotationView.m */ = {isa = PBXFileReference; fileEncoding = 4; lastKnownFileType = sourcecode.c.objc; path = OTAnnotationView.m; sourceTree = "<group>"; };
		A0B38CFE1E8F8D8F00642C21 /* OTAnnotationColorPickerView.h */ = {isa = PBXFileReference; fileEncoding = 4; lastKnownFileType = sourcecode.c.h; path = OTAnnotationColorPickerView.h; sourceTree = "<group>"; };
		A0B38CFF1E8F8D8F00642C21 /* OTAnnotationColorPickerView.m */ = {isa = PBXFileReference; fileEncoding = 4; lastKnownFileType = sourcecode.c.objc; path = OTAnnotationColorPickerView.m; sourceTree = "<group>"; };
		A0B38D001E8F8D8F00642C21 /* OTAnnotationScrollView.h */ = {isa = PBXFileReference; fileEncoding = 4; lastKnownFileType = sourcecode.c.h; path = OTAnnotationScrollView.h; sourceTree = "<group>"; };
		A0B38D011E8F8D8F00642C21 /* OTAnnotationScrollView.m */ = {isa = PBXFileReference; fileEncoding = 4; lastKnownFileType = sourcecode.c.objc; path = OTAnnotationScrollView.m; sourceTree = "<group>"; };
		A0B38D021E8F8D8F00642C21 /* OTAnnotationScrollView_Private.h */ = {isa = PBXFileReference; fileEncoding = 4; lastKnownFileType = sourcecode.c.h; path = OTAnnotationScrollView_Private.h; sourceTree = "<group>"; };
		A0B38D031E8F8D8F00642C21 /* OTFullScreenAnnotationViewController.h */ = {isa = PBXFileReference; fileEncoding = 4; lastKnownFileType = sourcecode.c.h; path = OTFullScreenAnnotationViewController.h; sourceTree = "<group>"; };
		A0B38D041E8F8D8F00642C21 /* OTFullScreenAnnotationViewController.m */ = {isa = PBXFileReference; fileEncoding = 4; lastKnownFileType = sourcecode.c.objc; path = OTFullScreenAnnotationViewController.m; sourceTree = "<group>"; };
		A0B38D061E8F8D8F00642C21 /* OTAnnotationScreenCaptureView.h */ = {isa = PBXFileReference; fileEncoding = 4; lastKnownFileType = sourcecode.c.h; path = OTAnnotationScreenCaptureView.h; sourceTree = "<group>"; };
		A0B38D071E8F8D8F00642C21 /* OTAnnotationScreenCaptureView.m */ = {isa = PBXFileReference; fileEncoding = 4; lastKnownFileType = sourcecode.c.objc; path = OTAnnotationScreenCaptureView.m; sourceTree = "<group>"; };
		A0B38D081E8F8D8F00642C21 /* OTAnnotationScreenCaptureViewController.h */ = {isa = PBXFileReference; fileEncoding = 4; lastKnownFileType = sourcecode.c.h; path = OTAnnotationScreenCaptureViewController.h; sourceTree = "<group>"; };
		A0B38D091E8F8D8F00642C21 /* OTAnnotationScreenCaptureViewController.m */ = {isa = PBXFileReference; fileEncoding = 4; lastKnownFileType = sourcecode.c.objc; path = OTAnnotationScreenCaptureViewController.m; sourceTree = "<group>"; };
		A0B38D0B1E8F8D8F00642C21 /* OTAnnotationEditTextViewController.h */ = {isa = PBXFileReference; fileEncoding = 4; lastKnownFileType = sourcecode.c.h; path = OTAnnotationEditTextViewController.h; sourceTree = "<group>"; };
		A0B38D0C1E8F8D8F00642C21 /* OTAnnotationEditTextViewController.m */ = {isa = PBXFileReference; fileEncoding = 4; lastKnownFileType = sourcecode.c.objc; path = OTAnnotationEditTextViewController.m; sourceTree = "<group>"; };
		A0B38D0E1E8F8D8F00642C21 /* OTAnnotationToolbarView.h */ = {isa = PBXFileReference; fileEncoding = 4; lastKnownFileType = sourcecode.c.h; path = OTAnnotationToolbarView.h; sourceTree = "<group>"; };
		A0B38D0F1E8F8D8F00642C21 /* OTAnnotationToolbarView.m */ = {isa = PBXFileReference; fileEncoding = 4; lastKnownFileType = sourcecode.c.objc; path = OTAnnotationToolbarView.m; sourceTree = "<group>"; };
		A0B38D101E8F8D8F00642C21 /* OTAnnotationToolbarView_Private.h */ = {isa = PBXFileReference; fileEncoding = 4; lastKnownFileType = sourcecode.c.h; path = OTAnnotationToolbarView_Private.h; sourceTree = "<group>"; };
		A0B38D111E8F8D8F00642C21 /* OTAnnotationToolbarView_UserInterfaces.h */ = {isa = PBXFileReference; fileEncoding = 4; lastKnownFileType = sourcecode.c.h; path = OTAnnotationToolbarView_UserInterfaces.h; sourceTree = "<group>"; };
		A0B38D121E8F8D8F00642C21 /* OTAnnotator.h */ = {isa = PBXFileReference; fileEncoding = 4; lastKnownFileType = sourcecode.c.h; path = OTAnnotator.h; sourceTree = "<group>"; };
		A0B38D131E8F8D8F00642C21 /* OTAnnotator.m */ = {isa = PBXFileReference; fileEncoding = 4; lastKnownFileType = sourcecode.c.objc; path = OTAnnotator.m; sourceTree = "<group>"; };
		A0B38D2B1E8F8DD000642C21 /* AnnotationBlankCanvasViewController.swift */ = {isa = PBXFileReference; fileEncoding = 4; lastKnownFileType = sourcecode.swift; path = AnnotationBlankCanvasViewController.swift; sourceTree = "<group>"; };
		A0B38D2E1E8F8DD000642C21 /* AnnotationOnScreenViewController.swift */ = {isa = PBXFileReference; fileEncoding = 4; lastKnownFileType = sourcecode.swift; path = AnnotationOnScreenViewController.swift; sourceTree = "<group>"; };
		A0B38D2F1E8F8DD000642C21 /* AppDelegate.h */ = {isa = PBXFileReference; fileEncoding = 4; lastKnownFileType = sourcecode.c.h; path = AppDelegate.h; sourceTree = "<group>"; };
		A0B38D301E8F8DD000642C21 /* AppDelegate.m */ = {isa = PBXFileReference; fileEncoding = 4; lastKnownFileType = sourcecode.c.objc; path = AppDelegate.m; sourceTree = "<group>"; };
		A0B38D311E8F8DD000642C21 /* Assets.xcassets */ = {isa = PBXFileReference; lastKnownFileType = folder.assetcatalog; path = Assets.xcassets; sourceTree = "<group>"; };
		A0B38D331E8F8DD000642C21 /* Base */ = {isa = PBXFileReference; lastKnownFileType = file.storyboard; name = Base; path = Base.lproj/LaunchScreen.storyboard; sourceTree = "<group>"; };
		A0B38D351E8F8DD000642C21 /* Base */ = {isa = PBXFileReference; lastKnownFileType = file.storyboard; name = Base; path = Base.lproj/Main.storyboard; sourceTree = "<group>"; };
		A0B38D361E8F8DD000642C21 /* Info.plist */ = {isa = PBXFileReference; fileEncoding = 4; lastKnownFileType = text.plist.xml; path = Info.plist; sourceTree = "<group>"; };
		A0B38D371E8F8DD000642C21 /* main.m */ = {isa = PBXFileReference; fileEncoding = 4; lastKnownFileType = sourcecode.c.objc; path = main.m; sourceTree = "<group>"; };
		A0B38D381E8F8DD000642C21 /* mvc.png */ = {isa = PBXFileReference; lastKnownFileType = image.png; path = mvc.png; sourceTree = "<group>"; };
		A0B38D3D1E8F8DD000642C21 /* ReceiveAnnotationViewController.h */ = {isa = PBXFileReference; fileEncoding = 4; lastKnownFileType = sourcecode.c.h; path = ReceiveAnnotationViewController.h; sourceTree = "<group>"; };
		A0B38D3E1E8F8DD000642C21 /* ReceiveAnnotationViewController.m */ = {isa = PBXFileReference; fileEncoding = 4; lastKnownFileType = sourcecode.c.objc; path = ReceiveAnnotationViewController.m; sourceTree = "<group>"; };
		A0B38D761E8F8DE800642C21 /* Info.plist */ = {isa = PBXFileReference; fileEncoding = 4; lastKnownFileType = text.plist.xml; path = Info.plist; sourceTree = "<group>"; };
		A0B38D771E8F8DE800642C21 /* OTAnnotationColorPickerViewTests.m */ = {isa = PBXFileReference; fileEncoding = 4; lastKnownFileType = sourcecode.c.objc; path = OTAnnotationColorPickerViewTests.m; sourceTree = "<group>"; };
		A0B38D781E8F8DE800642C21 /* OTAnnotationDataManagerTests.m */ = {isa = PBXFileReference; fileEncoding = 4; lastKnownFileType = sourcecode.c.objc; path = OTAnnotationDataManagerTests.m; sourceTree = "<group>"; };
		A0B38D791E8F8DE800642C21 /* OTAnnotationEditTextViewControllerTests.m */ = {isa = PBXFileReference; fileEncoding = 4; lastKnownFileType = sourcecode.c.objc; path = OTAnnotationEditTextViewControllerTests.m; sourceTree = "<group>"; };
		A0B38D7A1E8F8DE800642C21 /* OTAnnotationKitTests.m */ = {isa = PBXFileReference; fileEncoding = 4; lastKnownFileType = sourcecode.c.objc; path = OTAnnotationKitTests.m; sourceTree = "<group>"; };
		A0B38D7B1E8F8DE800642C21 /* OTAnnotationPathTests.m */ = {isa = PBXFileReference; fileEncoding = 4; lastKnownFileType = sourcecode.c.objc; path = OTAnnotationPathTests.m; sourceTree = "<group>"; };
		A0B38D7C1E8F8DE800642C21 /* OTAnnotationScreenCaptureViewTests.m */ = {isa = PBXFileReference; fileEncoding = 4; lastKnownFileType = sourcecode.c.objc; path = OTAnnotationScreenCaptureViewTests.m; sourceTree = "<group>"; };
		A0B38D7D1E8F8DE800642C21 /* OTAnnotationScrollViewTests.m */ = {isa = PBXFileReference; fileEncoding = 4; lastKnownFileType = sourcecode.c.objc; path = OTAnnotationScrollViewTests.m; sourceTree = "<group>"; };
		A0B38D7E1E8F8DE800642C21 /* OTAnnotationTextView.m */ = {isa = PBXFileReference; fileEncoding = 4; lastKnownFileType = sourcecode.c.objc; path = OTAnnotationTextView.m; sourceTree = "<group>"; };
		A0B38D7F1E8F8DE800642C21 /* OTAnnotationViewTests.m */ = {isa = PBXFileReference; fileEncoding = 4; lastKnownFileType = sourcecode.c.objc; path = OTAnnotationViewTests.m; sourceTree = "<group>"; };
		A0B38D801E8F8DE800642C21 /* OTFullScreenAnnotationViewControllerTests.m */ = {isa = PBXFileReference; fileEncoding = 4; lastKnownFileType = sourcecode.c.objc; path = OTFullScreenAnnotationViewControllerTests.m; sourceTree = "<group>"; };
		A0B38DA01E8F8DF200642C21 /* Assets.xcassets */ = {isa = PBXFileReference; lastKnownFileType = folder.assetcatalog; path = Assets.xcassets; sourceTree = "<group>"; };
		A0B38DA11E8F8DF200642C21 /* Info.plist */ = {isa = PBXFileReference; fileEncoding = 4; lastKnownFileType = text.plist.xml; path = Info.plist; sourceTree = "<group>"; };
		A0B38DA21E8F8DF200642C21 /* OTAnnotationEditTextViewController.xib */ = {isa = PBXFileReference; fileEncoding = 4; lastKnownFileType = file.xib; path = OTAnnotationEditTextViewController.xib; sourceTree = "<group>"; };
		A0B38DA31E8F8DF200642C21 /* OTAnnotationScreenCaptureViewController.xib */ = {isa = PBXFileReference; fileEncoding = 4; lastKnownFileType = file.xib; path = OTAnnotationScreenCaptureViewController.xib; sourceTree = "<group>"; };
		A0B38DB41E8F8F1000642C21 /* OTAnnotationAccelerator-Bridging-Header.h */ = {isa = PBXFileReference; fileEncoding = 4; lastKnownFileType = sourcecode.c.h; path = "OTAnnotationAccelerator-Bridging-Header.h"; sourceTree = "<group>"; };
		A0B38DB51E8F913000642C21 /* OTAnnotationAccelerator.podspec */ = {isa = PBXFileReference; fileEncoding = 4; lastKnownFileType = text; path = OTAnnotationAccelerator.podspec; sourceTree = "<group>"; };
		A0DB6E481D230BC900E14C86 /* OTAnnotationAccelerator.app */ = {isa = PBXFileReference; explicitFileType = wrapper.application; includeInIndex = 0; path = OTAnnotationAccelerator.app; sourceTree = BUILT_PRODUCTS_DIR; };
		B5253AEB99C20586D7CF69BE /* libPods-OTAnnotationAcceleratorTests.a */ = {isa = PBXFileReference; explicitFileType = archive.ar; includeInIndex = 0; path = "libPods-OTAnnotationAcceleratorTests.a"; sourceTree = BUILT_PRODUCTS_DIR; };
		C1ABE4C23744B29777786C05 /* Pods-OTAnnotationAcceleratorTests.release.xcconfig */ = {isa = PBXFileReference; includeInIndex = 1; lastKnownFileType = text.xcconfig; name = "Pods-OTAnnotationAcceleratorTests.release.xcconfig"; path = "Target Support Files/Pods-OTAnnotationAcceleratorTests/Pods-OTAnnotationAcceleratorTests.release.xcconfig"; sourceTree = "<group>"; };
		C61854348DFF6CF33A19F04B /* Pods-OTAnnotationAccelerator.debug.xcconfig */ = {isa = PBXFileReference; includeInIndex = 1; lastKnownFileType = text.xcconfig; name = "Pods-OTAnnotationAccelerator.debug.xcconfig"; path = "Target Support Files/Pods-OTAnnotationAccelerator/Pods-OTAnnotationAccelerator.debug.xcconfig"; sourceTree = "<group>"; };
/* End PBXFileReference section */

/* Begin PBXFrameworksBuildPhase section */
		A0AB576A1D2C392D00F8410B /* Frameworks */ = {
			isa = PBXFrameworksBuildPhase;
			buildActionMask = 2147483647;
			files = (
				9C006B4143BDBD1374743756 /* libPods-OTAnnotationAcceleratorTests.a in Frameworks */,
			);
			runOnlyForDeploymentPostprocessing = 0;
		};
		A0AB58321D2C4FDF00F8410B /* Frameworks */ = {
			isa = PBXFrameworksBuildPhase;
			buildActionMask = 2147483647;
			files = (
			);
			runOnlyForDeploymentPostprocessing = 0;
		};
		A0DB6E451D230BC900E14C86 /* Frameworks */ = {
			isa = PBXFrameworksBuildPhase;
			buildActionMask = 2147483647;
			files = (
				9D47F185176349E1489A4251 /* libPods-OTAnnotationAccelerator.a in Frameworks */,
			);
			runOnlyForDeploymentPostprocessing = 0;
		};
/* End PBXFrameworksBuildPhase section */

/* Begin PBXGroup section */
		83A6E7D3A53733E79F2B550E /* Pods */ = {
			isa = PBXGroup;
			children = (
				C61854348DFF6CF33A19F04B /* Pods-OTAnnotationAccelerator.debug.xcconfig */,
				8AAD283866C2B496179A051A /* Pods-OTAnnotationAccelerator.release.xcconfig */,
				0D9B2A8B347CBC969F13B1FB /* Pods-OTAnnotationAcceleratorTests.debug.xcconfig */,
				C1ABE4C23744B29777786C05 /* Pods-OTAnnotationAcceleratorTests.release.xcconfig */,
			);
			path = Pods;
			sourceTree = "<group>";
		};
		A0B38CDB1E8F8D8F00642C21 /* OTAnnotationAccelerator */ = {
			isa = PBXGroup;
			children = (
				A0B38CDC1E8F8D8F00642C21 /* AnnLoggingWrapper.h */,
				A0B38CDD1E8F8D8F00642C21 /* AnnLoggingWrapper.m */,
				A0B38CDE1E8F8D8F00642C21 /* Category */,
				A0B38CEB1E8F8D8F00642C21 /* Constants.h */,
				A0B38CEC1E8F8D8F00642C21 /* Info.plist */,
				A0B38CED1E8F8D8F00642C21 /* OTAnnotationKitBundle.h */,
				A0B38CEE1E8F8D8F00642C21 /* OTAnnotationKitBundle.m */,
				A0B38CEF1E8F8D8F00642C21 /* OTAnnotationNative */,
				A0B38CFC1E8F8D8F00642C21 /* OTAnnotationUI */,
				A0B38D121E8F8D8F00642C21 /* OTAnnotator.h */,
				A0B38D131E8F8D8F00642C21 /* OTAnnotator.m */,
			);
			path = OTAnnotationAccelerator;
			sourceTree = "<group>";
		};
		A0B38CDE1E8F8D8F00642C21 /* Category */ = {
			isa = PBXGroup;
			children = (
				A0B38CDF1E8F8D8F00642C21 /* JSON.h */,
				A0B38CE01E8F8D8F00642C21 /* JSON.m */,
				A0B38CE11E8F8D8F00642C21 /* OTAnnotationToolbarView+Animation.h */,
				A0B38CE21E8F8D8F00642C21 /* OTAnnotationToolbarView+Animation.m */,
				A0B38CE31E8F8D8F00642C21 /* UIButton+AutoLayoutHelper.h */,
				A0B38CE41E8F8D8F00642C21 /* UIButton+AutoLayoutHelper.m */,
				A0B38CE51E8F8D8F00642C21 /* UIColor+HexString.h */,
				A0B38CE61E8F8D8F00642C21 /* UIColor+HexString.m */,
				A0B38CE71E8F8D8F00642C21 /* UIView+Helper.h */,
				A0B38CE81E8F8D8F00642C21 /* UIView+Helper.m */,
				A0B38CE91E8F8D8F00642C21 /* UIViewController+Helper.h */,
				A0B38CEA1E8F8D8F00642C21 /* UIViewController+Helper.m */,
			);
			path = Category;
			sourceTree = "<group>";
		};
		A0B38CEF1E8F8D8F00642C21 /* OTAnnotationNative */ = {
			isa = PBXGroup;
			children = (
				A0B38CF01E8F8D8F00642C21 /* OTAnnotatable.h */,
				A0B38CF11E8F8D8F00642C21 /* OTAnnotationDataManager.h */,
				A0B38CF21E8F8D8F00642C21 /* OTAnnotationDataManager.m */,
				A0B38CF31E8F8D8F00642C21 /* OTAnnotationPath.h */,
				A0B38CF41E8F8D8F00642C21 /* OTAnnotationPath.m */,
				A0B38CF51E8F8D8F00642C21 /* OTAnnotationTextView+Gesture.h */,
				A0B38CF61E8F8D8F00642C21 /* OTAnnotationTextView+Gesture.m */,
				A0B38CF71E8F8D8F00642C21 /* OTAnnotationTextView.h */,
				A0B38CF81E8F8D8F00642C21 /* OTAnnotationTextView.m */,
				A0B38CF91E8F8D8F00642C21 /* OTAnnotationTextView_Gesture.h */,
				A0B38CFA1E8F8D8F00642C21 /* OTAnnotationView.h */,
				A0B38CFB1E8F8D8F00642C21 /* OTAnnotationView.m */,
			);
			path = OTAnnotationNative;
			sourceTree = "<group>";
		};
		A0B38CFC1E8F8D8F00642C21 /* OTAnnotationUI */ = {
			isa = PBXGroup;
			children = (
				A0B38CFD1E8F8D8F00642C21 /* ColorPicker */,
				A0B38D001E8F8D8F00642C21 /* OTAnnotationScrollView.h */,
				A0B38D011E8F8D8F00642C21 /* OTAnnotationScrollView.m */,
				A0B38D021E8F8D8F00642C21 /* OTAnnotationScrollView_Private.h */,
				A0B38D031E8F8D8F00642C21 /* OTFullScreenAnnotationViewController.h */,
				A0B38D041E8F8D8F00642C21 /* OTFullScreenAnnotationViewController.m */,
				A0B38D051E8F8D8F00642C21 /* ScreenCapture */,
				A0B38D0A1E8F8D8F00642C21 /* Text */,
				A0B38D0D1E8F8D8F00642C21 /* Toolbar */,
			);
			path = OTAnnotationUI;
			sourceTree = "<group>";
		};
		A0B38CFD1E8F8D8F00642C21 /* ColorPicker */ = {
			isa = PBXGroup;
			children = (
				A0B38CFE1E8F8D8F00642C21 /* OTAnnotationColorPickerView.h */,
				A0B38CFF1E8F8D8F00642C21 /* OTAnnotationColorPickerView.m */,
			);
			path = ColorPicker;
			sourceTree = "<group>";
		};
		A0B38D051E8F8D8F00642C21 /* ScreenCapture */ = {
			isa = PBXGroup;
			children = (
				A0B38D061E8F8D8F00642C21 /* OTAnnotationScreenCaptureView.h */,
				A0B38D071E8F8D8F00642C21 /* OTAnnotationScreenCaptureView.m */,
				A0B38D081E8F8D8F00642C21 /* OTAnnotationScreenCaptureViewController.h */,
				A0B38D091E8F8D8F00642C21 /* OTAnnotationScreenCaptureViewController.m */,
			);
			path = ScreenCapture;
			sourceTree = "<group>";
		};
		A0B38D0A1E8F8D8F00642C21 /* Text */ = {
			isa = PBXGroup;
			children = (
				A0B38D0B1E8F8D8F00642C21 /* OTAnnotationEditTextViewController.h */,
				A0B38D0C1E8F8D8F00642C21 /* OTAnnotationEditTextViewController.m */,
			);
			path = Text;
			sourceTree = "<group>";
		};
		A0B38D0D1E8F8D8F00642C21 /* Toolbar */ = {
			isa = PBXGroup;
			children = (
				A0B38D0E1E8F8D8F00642C21 /* OTAnnotationToolbarView.h */,
				A0B38D0F1E8F8D8F00642C21 /* OTAnnotationToolbarView.m */,
				A0B38D101E8F8D8F00642C21 /* OTAnnotationToolbarView_Private.h */,
				A0B38D111E8F8D8F00642C21 /* OTAnnotationToolbarView_UserInterfaces.h */,
			);
			path = Toolbar;
			sourceTree = "<group>";
		};
		A0B38D2A1E8F8DD000642C21 /* OTAnnotationAcceleratorSample */ = {
			isa = PBXGroup;
			children = (
				A0B38D2B1E8F8DD000642C21 /* AnnotationBlankCanvasViewController.swift */,
				A0B38D2E1E8F8DD000642C21 /* AnnotationOnScreenViewController.swift */,
				A0B38D3D1E8F8DD000642C21 /* ReceiveAnnotationViewController.h */,
				A0B38D3E1E8F8DD000642C21 /* ReceiveAnnotationViewController.m */,
				A09DFEA31E92E8A000BD5946 /* SendAnnotationViewController.swift */,
				A0B38D2F1E8F8DD000642C21 /* AppDelegate.h */,
				A0B38D301E8F8DD000642C21 /* AppDelegate.m */,
				A09DFEA61E92EB2A00BD5946 /* OTAnnotationAcceleratorBundle.bundle */,
				A0B38D311E8F8DD000642C21 /* Assets.xcassets */,
				A0B38D321E8F8DD000642C21 /* LaunchScreen.storyboard */,
				A0B38D341E8F8DD000642C21 /* Main.storyboard */,
				A0B38D361E8F8DD000642C21 /* Info.plist */,
				A0B38D371E8F8DD000642C21 /* main.m */,
				A0B38D381E8F8DD000642C21 /* mvc.png */,
				A0B38DB41E8F8F1000642C21 /* OTAnnotationAccelerator-Bridging-Header.h */,
			);
			path = OTAnnotationAcceleratorSample;
			sourceTree = "<group>";
		};
		A0B38D751E8F8DE800642C21 /* OTAnnotationAcceleratorTests */ = {
			isa = PBXGroup;
			children = (
				A0B38D761E8F8DE800642C21 /* Info.plist */,
				A0B38D771E8F8DE800642C21 /* OTAnnotationColorPickerViewTests.m */,
				A0B38D781E8F8DE800642C21 /* OTAnnotationDataManagerTests.m */,
				A0B38D791E8F8DE800642C21 /* OTAnnotationEditTextViewControllerTests.m */,
				A0B38D7A1E8F8DE800642C21 /* OTAnnotationKitTests.m */,
				A0B38D7B1E8F8DE800642C21 /* OTAnnotationPathTests.m */,
				A0B38D7C1E8F8DE800642C21 /* OTAnnotationScreenCaptureViewTests.m */,
				A0B38D7D1E8F8DE800642C21 /* OTAnnotationScrollViewTests.m */,
				A0B38D7E1E8F8DE800642C21 /* OTAnnotationTextView.m */,
				A0B38D7F1E8F8DE800642C21 /* OTAnnotationViewTests.m */,
				A0B38D801E8F8DE800642C21 /* OTFullScreenAnnotationViewControllerTests.m */,
			);
			path = OTAnnotationAcceleratorTests;
			sourceTree = "<group>";
		};
		A0B38D9F1E8F8DF200642C21 /* OTAnnotationAcceleratorBundle */ = {
			isa = PBXGroup;
			children = (
				A0B38DA01E8F8DF200642C21 /* Assets.xcassets */,
				A0B38DA11E8F8DF200642C21 /* Info.plist */,
				A0B38DA21E8F8DF200642C21 /* OTAnnotationEditTextViewController.xib */,
				A0B38DA31E8F8DF200642C21 /* OTAnnotationScreenCaptureViewController.xib */,
			);
			path = OTAnnotationAcceleratorBundle;
			sourceTree = "<group>";
		};
		A0DB6E3F1D230BC900E14C86 = {
			isa = PBXGroup;
			children = (
				A0B38DB51E8F913000642C21 /* OTAnnotationAccelerator.podspec */,
				A018FAB91DA46B9100C118F9 /* Podfile */,
				A0B38D2A1E8F8DD000642C21 /* OTAnnotationAcceleratorSample */,
				A0B38CDB1E8F8D8F00642C21 /* OTAnnotationAccelerator */,
				A0B38D9F1E8F8DF200642C21 /* OTAnnotationAcceleratorBundle */,
				A0B38D751E8F8DE800642C21 /* OTAnnotationAcceleratorTests */,
				A0DB6E491D230BC900E14C86 /* Products */,
				83A6E7D3A53733E79F2B550E /* Pods */,
				CE7D70CDA9F8505838EB40FC /* Frameworks */,
			);
			sourceTree = "<group>";
		};
		A0DB6E491D230BC900E14C86 /* Products */ = {
			isa = PBXGroup;
			children = (
				A0DB6E481D230BC900E14C86 /* OTAnnotationAccelerator.app */,
				A0AB576D1D2C392D00F8410B /* OTAnnotationAcceleratorTests.xctest */,
				A0AB58351D2C4FDF00F8410B /* OTAnnotationAcceleratorBundle.bundle */,
			);
			name = Products;
			sourceTree = "<group>";
		};
		CE7D70CDA9F8505838EB40FC /* Frameworks */ = {
			isa = PBXGroup;
			children = (
				86AB544FB607E918FC69F198 /* libPods-OTAnnotationAccelerator.a */,
				B5253AEB99C20586D7CF69BE /* libPods-OTAnnotationAcceleratorTests.a */,
			);
			name = Frameworks;
			sourceTree = "<group>";
		};
/* End PBXGroup section */

/* Begin PBXNativeTarget section */
		A0AB576C1D2C392D00F8410B /* OTAnnotationAcceleratorTests */ = {
			isa = PBXNativeTarget;
			buildConfigurationList = A0AB57801D2C392D00F8410B /* Build configuration list for PBXNativeTarget "OTAnnotationAcceleratorTests" */;
			buildPhases = (
				EBB2B4B0C9131E45D7670B73 /* [CP] Check Pods Manifest.lock */,
				A0AB57691D2C392D00F8410B /* Sources */,
				A0AB576A1D2C392D00F8410B /* Frameworks */,
				A0AB576B1D2C392D00F8410B /* Resources */,
				7F0F89A0B6D5908932DFA16F /* [CP] Copy Pods Resources */,
			);
			buildRules = (
			);
			dependencies = (
				A0AB57721D2C392D00F8410B /* PBXTargetDependency */,
			);
			name = OTAnnotationAcceleratorTests;
			productName = OTAnnotationKitTests;
			productReference = A0AB576D1D2C392D00F8410B /* OTAnnotationAcceleratorTests.xctest */;
			productType = "com.apple.product-type.bundle.unit-test";
		};
		A0AB58341D2C4FDF00F8410B /* OTAnnotationAcceleratorBundle */ = {
			isa = PBXNativeTarget;
			buildConfigurationList = A0AB58381D2C4FDF00F8410B /* Build configuration list for PBXNativeTarget "OTAnnotationAcceleratorBundle" */;
			buildPhases = (
				A0AB58311D2C4FDF00F8410B /* Sources */,
				A0AB58321D2C4FDF00F8410B /* Frameworks */,
				A0AB58331D2C4FDF00F8410B /* Resources */,
			);
			buildRules = (
			);
			dependencies = (
			);
			name = OTAnnotationAcceleratorBundle;
			productName = OTAnnotationKitBundle;
			productReference = A0AB58351D2C4FDF00F8410B /* OTAnnotationAcceleratorBundle.bundle */;
			productType = "com.apple.product-type.bundle";
		};
		A0DB6E471D230BC900E14C86 /* OTAnnotationAccelerator */ = {
			isa = PBXNativeTarget;
			buildConfigurationList = A0DB6E5F1D230BC900E14C86 /* Build configuration list for PBXNativeTarget "OTAnnotationAccelerator" */;
			buildPhases = (
				4308EEAA57E2A64CAB57884C /* [CP] Check Pods Manifest.lock */,
				A0DB6E441D230BC900E14C86 /* Sources */,
				A0DB6E451D230BC900E14C86 /* Frameworks */,
				A0DB6E461D230BC900E14C86 /* Resources */,
				A0DB6E731D230BF500E14C86 /* Embed Frameworks */,
				B31E2DE173E7B38710C0E173 /* [CP] Copy Pods Resources */,
			);
			buildRules = (
			);
			dependencies = (
			);
			name = OTAnnotationAccelerator;
			productName = AnnotationAccPackKit;
			productReference = A0DB6E481D230BC900E14C86 /* OTAnnotationAccelerator.app */;
			productType = "com.apple.product-type.application";
		};
/* End PBXNativeTarget section */

/* Begin PBXProject section */
		A0DB6E401D230BC900E14C86 /* Project object */ = {
			isa = PBXProject;
			attributes = {
				LastUpgradeCheck = 0800;
				ORGANIZATIONNAME = "Tokbox, Inc.";
				TargetAttributes = {
					A0AB576C1D2C392D00F8410B = {
						CreatedOnToolsVersion = 7.3;
						ProvisioningStyle = Manual;
						TestTargetID = A0DB6E471D230BC900E14C86;
					};
					A0AB58341D2C4FDF00F8410B = {
						CreatedOnToolsVersion = 7.3;
					};
					A0DB6E471D230BC900E14C86 = {
						CreatedOnToolsVersion = 7.3;
						LastSwiftMigration = 0800;
						ProvisioningStyle = Manual;
					};
				};
			};
			buildConfigurationList = A0DB6E431D230BC900E14C86 /* Build configuration list for PBXProject "OTAnnotationAccelerator" */;
			compatibilityVersion = "Xcode 3.2";
			developmentRegion = English;
			hasScannedForEncodings = 0;
			knownRegions = (
				English,
				en,
				Base,
			);
			mainGroup = A0DB6E3F1D230BC900E14C86;
			productRefGroup = A0DB6E491D230BC900E14C86 /* Products */;
			projectDirPath = "";
			projectRoot = "";
			targets = (
				A0DB6E471D230BC900E14C86 /* OTAnnotationAccelerator */,
				A0AB576C1D2C392D00F8410B /* OTAnnotationAcceleratorTests */,
				A0AB58341D2C4FDF00F8410B /* OTAnnotationAcceleratorBundle */,
			);
		};
/* End PBXProject section */

/* Begin PBXResourcesBuildPhase section */
		A0AB576B1D2C392D00F8410B /* Resources */ = {
			isa = PBXResourcesBuildPhase;
			buildActionMask = 2147483647;
			files = (
			);
			runOnlyForDeploymentPostprocessing = 0;
		};
		A0AB58331D2C4FDF00F8410B /* Resources */ = {
			isa = PBXResourcesBuildPhase;
			buildActionMask = 2147483647;
			files = (
				A0B38DB11E8F8E4600642C21 /* Assets.xcassets in Resources */,
				A0B38DB21E8F8E4E00642C21 /* OTAnnotationEditTextViewController.xib in Resources */,
				A0B38DB31E8F8E4E00642C21 /* OTAnnotationScreenCaptureViewController.xib in Resources */,
			);
			runOnlyForDeploymentPostprocessing = 0;
		};
		A0DB6E461D230BC900E14C86 /* Resources */ = {
			isa = PBXResourcesBuildPhase;
			buildActionMask = 2147483647;
			files = (
				A09DFEA71E92EB2A00BD5946 /* OTAnnotationAcceleratorBundle.bundle in Resources */,
				A0B38DB61E8F913000642C21 /* OTAnnotationAccelerator.podspec in Resources */,
				A0B38D501E8F8DD000642C21 /* mvc.png in Resources */,
				A018FABB1DA46B9100C118F9 /* Podfile in Resources */,
				A0B38D4B1E8F8DD000642C21 /* Assets.xcassets in Resources */,
				A0B38D4D1E8F8DD000642C21 /* Main.storyboard in Resources */,
				A0B38D4C1E8F8DD000642C21 /* LaunchScreen.storyboard in Resources */,
			);
			runOnlyForDeploymentPostprocessing = 0;
		};
/* End PBXResourcesBuildPhase section */

/* Begin PBXShellScriptBuildPhase section */
		4308EEAA57E2A64CAB57884C /* [CP] Check Pods Manifest.lock */ = {
			isa = PBXShellScriptBuildPhase;
			buildActionMask = 2147483647;
			files = (
			);
			inputFileListPaths = (
			);
			inputPaths = (
				"${PODS_PODFILE_DIR_PATH}/Podfile.lock",
				"${PODS_ROOT}/Manifest.lock",
			);
			name = "[CP] Check Pods Manifest.lock";
			outputFileListPaths = (
			);
			outputPaths = (
				"$(DERIVED_FILE_DIR)/Pods-OTAnnotationAccelerator-checkManifestLockResult.txt",
			);
			runOnlyForDeploymentPostprocessing = 0;
			shellPath = /bin/sh;
			shellScript = "diff \"${PODS_PODFILE_DIR_PATH}/Podfile.lock\" \"${PODS_ROOT}/Manifest.lock\" > /dev/null\nif [ $? != 0 ] ; then\n    # print error to STDERR\n    echo \"error: The sandbox is not in sync with the Podfile.lock. Run 'pod install' or update your CocoaPods installation.\" >&2\n    exit 1\nfi\n# This output is used by Xcode 'outputs' to avoid re-running this script phase.\necho \"SUCCESS\" > \"${SCRIPT_OUTPUT_FILE_0}\"\n";
			showEnvVarsInLog = 0;
		};
		7F0F89A0B6D5908932DFA16F /* [CP] Copy Pods Resources */ = {
			isa = PBXShellScriptBuildPhase;
			buildActionMask = 2147483647;
			files = (
			);
			inputPaths = (
				"${PODS_ROOT}/Target Support Files/Pods-OTAnnotationAcceleratorTests/Pods-OTAnnotationAcceleratorTests-resources.sh",
				"${PODS_ROOT}/SVProgressHUD/SVProgressHUD/SVProgressHUD.bundle",
			);
			name = "[CP] Copy Pods Resources";
			outputPaths = (
				"${TARGET_BUILD_DIR}/${UNLOCALIZED_RESOURCES_FOLDER_PATH}/SVProgressHUD.bundle",
			);
			runOnlyForDeploymentPostprocessing = 0;
			shellPath = /bin/sh;
			shellScript = "\"${PODS_ROOT}/Target Support Files/Pods-OTAnnotationAcceleratorTests/Pods-OTAnnotationAcceleratorTests-resources.sh\"\n";
			showEnvVarsInLog = 0;
		};
		B31E2DE173E7B38710C0E173 /* [CP] Copy Pods Resources */ = {
			isa = PBXShellScriptBuildPhase;
			buildActionMask = 2147483647;
			files = (
			);
			inputPaths = (
				"${PODS_ROOT}/Target Support Files/Pods-OTAnnotationAccelerator/Pods-OTAnnotationAccelerator-resources.sh",
				"${PODS_ROOT}/SVProgressHUD/SVProgressHUD/SVProgressHUD.bundle",
			);
			name = "[CP] Copy Pods Resources";
			outputPaths = (
				"${TARGET_BUILD_DIR}/${UNLOCALIZED_RESOURCES_FOLDER_PATH}/SVProgressHUD.bundle",
			);
			runOnlyForDeploymentPostprocessing = 0;
			shellPath = /bin/sh;
			shellScript = "\"${PODS_ROOT}/Target Support Files/Pods-OTAnnotationAccelerator/Pods-OTAnnotationAccelerator-resources.sh\"\n";
			showEnvVarsInLog = 0;
		};
		EBB2B4B0C9131E45D7670B73 /* [CP] Check Pods Manifest.lock */ = {
			isa = PBXShellScriptBuildPhase;
			buildActionMask = 2147483647;
			files = (
			);
			inputFileListPaths = (
			);
			inputPaths = (
				"${PODS_PODFILE_DIR_PATH}/Podfile.lock",
				"${PODS_ROOT}/Manifest.lock",
			);
			name = "[CP] Check Pods Manifest.lock";
			outputFileListPaths = (
			);
			outputPaths = (
				"$(DERIVED_FILE_DIR)/Pods-OTAnnotationAcceleratorTests-checkManifestLockResult.txt",
			);
			runOnlyForDeploymentPostprocessing = 0;
			shellPath = /bin/sh;
			shellScript = "diff \"${PODS_PODFILE_DIR_PATH}/Podfile.lock\" \"${PODS_ROOT}/Manifest.lock\" > /dev/null\nif [ $? != 0 ] ; then\n    # print error to STDERR\n    echo \"error: The sandbox is not in sync with the Podfile.lock. Run 'pod install' or update your CocoaPods installation.\" >&2\n    exit 1\nfi\n# This output is used by Xcode 'outputs' to avoid re-running this script phase.\necho \"SUCCESS\" > \"${SCRIPT_OUTPUT_FILE_0}\"\n";
			showEnvVarsInLog = 0;
		};
/* End PBXShellScriptBuildPhase section */

/* Begin PBXSourcesBuildPhase section */
		A0AB57691D2C392D00F8410B /* Sources */ = {
			isa = PBXSourcesBuildPhase;
			buildActionMask = 2147483647;
			files = (
				A09DFEC91E937BA600BD5946 /* OTAnnotationEditTextViewControllerTests.m in Sources */,
				A09DFECC1E937BA600BD5946 /* OTAnnotationScreenCaptureViewTests.m in Sources */,
				A09DFEC71E937BA600BD5946 /* OTAnnotationColorPickerViewTests.m in Sources */,
				A09DFECA1E937BA600BD5946 /* OTAnnotationKitTests.m in Sources */,
				A09DFEC81E937BA600BD5946 /* OTAnnotationDataManagerTests.m in Sources */,
				A09DFECF1E937BA600BD5946 /* OTAnnotationViewTests.m in Sources */,
				A09DFECD1E937BA600BD5946 /* OTAnnotationScrollViewTests.m in Sources */,
				A09DFECB1E937BA600BD5946 /* OTAnnotationPathTests.m in Sources */,
				A09DFECE1E937BA600BD5946 /* OTAnnotationTextView.m in Sources */,
				A09DFED01E937BA600BD5946 /* OTFullScreenAnnotationViewControllerTests.m in Sources */,
			);
			runOnlyForDeploymentPostprocessing = 0;
		};
		A0AB58311D2C4FDF00F8410B /* Sources */ = {
			isa = PBXSourcesBuildPhase;
			buildActionMask = 2147483647;
			files = (
			);
			runOnlyForDeploymentPostprocessing = 0;
		};
		A0DB6E441D230BC900E14C86 /* Sources */ = {
			isa = PBXSourcesBuildPhase;
			buildActionMask = 2147483647;
			files = (
				A0B38D181E8F8D8F00642C21 /* UIColor+HexString.m in Sources */,
				A0B38D211E8F8D8F00642C21 /* OTAnnotationView.m in Sources */,
				A0B38D261E8F8D8F00642C21 /* OTAnnotationScreenCaptureViewController.m in Sources */,
				A0B38D231E8F8D8F00642C21 /* OTAnnotationScrollView.m in Sources */,
				A0B38D271E8F8D8F00642C21 /* OTAnnotationEditTextViewController.m in Sources */,
				A0B38D1E1E8F8D8F00642C21 /* OTAnnotationPath.m in Sources */,
				A0B38D161E8F8D8F00642C21 /* OTAnnotationToolbarView+Animation.m in Sources */,
				A0B38D1A1E8F8D8F00642C21 /* UIViewController+Helper.m in Sources */,
				A0B38D251E8F8D8F00642C21 /* OTAnnotationScreenCaptureView.m in Sources */,
				A0B38D1D1E8F8D8F00642C21 /* OTAnnotationDataManager.m in Sources */,
				A0B38D491E8F8DD000642C21 /* AnnotationOnScreenViewController.swift in Sources */,
				A0B38D1C1E8F8D8F00642C21 /* OTAnnotationKitBundle.m in Sources */,
				A09DFEA81E92EEFF00BD5946 /* SendAnnotationViewController.swift in Sources */,
				A0B38D1F1E8F8D8F00642C21 /* OTAnnotationTextView+Gesture.m in Sources */,
				A0B38D221E8F8D8F00642C21 /* OTAnnotationColorPickerView.m in Sources */,
				A0B38D151E8F8D8F00642C21 /* JSON.m in Sources */,
				A0B38D461E8F8DD000642C21 /* AnnotationBlankCanvasViewController.swift in Sources */,
				A0B38D4F1E8F8DD000642C21 /* main.m in Sources */,
				A0B38D291E8F8D8F00642C21 /* OTAnnotator.m in Sources */,
				A0B38D201E8F8D8F00642C21 /* OTAnnotationTextView.m in Sources */,
				A0B38D4A1E8F8DD000642C21 /* AppDelegate.m in Sources */,
				A0B38D241E8F8D8F00642C21 /* OTFullScreenAnnotationViewController.m in Sources */,
				A0B38D141E8F8D8F00642C21 /* AnnLoggingWrapper.m in Sources */,
				A0B38D281E8F8D8F00642C21 /* OTAnnotationToolbarView.m in Sources */,
				A0B38D171E8F8D8F00642C21 /* UIButton+AutoLayoutHelper.m in Sources */,
				A0B38D191E8F8D8F00642C21 /* UIView+Helper.m in Sources */,
				A0B38D531E8F8DD000642C21 /* ReceiveAnnotationViewController.m in Sources */,
			);
			runOnlyForDeploymentPostprocessing = 0;
		};
/* End PBXSourcesBuildPhase section */

/* Begin PBXTargetDependency section */
		A0AB57721D2C392D00F8410B /* PBXTargetDependency */ = {
			isa = PBXTargetDependency;
			target = A0DB6E471D230BC900E14C86 /* OTAnnotationAccelerator */;
			targetProxy = A0AB57711D2C392D00F8410B /* PBXContainerItemProxy */;
		};
/* End PBXTargetDependency section */

/* Begin PBXVariantGroup section */
		A0B38D321E8F8DD000642C21 /* LaunchScreen.storyboard */ = {
			isa = PBXVariantGroup;
			children = (
				A0B38D331E8F8DD000642C21 /* Base */,
			);
			name = LaunchScreen.storyboard;
			sourceTree = "<group>";
		};
		A0B38D341E8F8DD000642C21 /* Main.storyboard */ = {
			isa = PBXVariantGroup;
			children = (
				A0B38D351E8F8DD000642C21 /* Base */,
			);
			name = Main.storyboard;
			sourceTree = "<group>";
		};
/* End PBXVariantGroup section */

/* Begin XCBuildConfiguration section */
		A0AB577D1D2C392D00F8410B /* Debug */ = {
			isa = XCBuildConfiguration;
			baseConfigurationReference = 0D9B2A8B347CBC969F13B1FB /* Pods-OTAnnotationAcceleratorTests.debug.xcconfig */;
			buildSettings = {
				ALWAYS_EMBED_SWIFT_STANDARD_LIBRARIES = YES;
				BUNDLE_LOADER = "$(TEST_HOST)";
				DEVELOPMENT_TEAM = "";
				INFOPLIST_FILE = OTAnnotationAcceleratorTests/Info.plist;
				IPHONEOS_DEPLOYMENT_TARGET = 9.3;
				LD_RUNPATH_SEARCH_PATHS = "$(inherited) @executable_path/Frameworks @loader_path/Frameworks";
				PRODUCT_BUNDLE_IDENTIFIER = com.tokbox.OTAnnotationAcceleratorTests;
				PRODUCT_NAME = "$(TARGET_NAME)";
				TEST_HOST = "$(BUILT_PRODUCTS_DIR)/OTAnnotationAccelerator.app/OTAnnotationAccelerator";
			};
			name = Debug;
		};
		A0AB577E1D2C392D00F8410B /* Release */ = {
			isa = XCBuildConfiguration;
			baseConfigurationReference = C1ABE4C23744B29777786C05 /* Pods-OTAnnotationAcceleratorTests.release.xcconfig */;
			buildSettings = {
				ALWAYS_EMBED_SWIFT_STANDARD_LIBRARIES = YES;
				BUNDLE_LOADER = "$(TEST_HOST)";
				DEVELOPMENT_TEAM = "";
				INFOPLIST_FILE = OTAnnotationAcceleratorTests/Info.plist;
				IPHONEOS_DEPLOYMENT_TARGET = 9.3;
				LD_RUNPATH_SEARCH_PATHS = "$(inherited) @executable_path/Frameworks @loader_path/Frameworks";
				PRODUCT_BUNDLE_IDENTIFIER = com.tokbox.OTAnnotationAcceleratorTests;
				PRODUCT_NAME = "$(TARGET_NAME)";
				TEST_HOST = "$(BUILT_PRODUCTS_DIR)/OTAnnotationAccelerator.app/OTAnnotationAccelerator";
			};
			name = Release;
		};
		A0AB58391D2C4FDF00F8410B /* Debug */ = {
			isa = XCBuildConfiguration;
			buildSettings = {
				CODE_SIGN_IDENTITY = "-";
				COMBINE_HIDPI_IMAGES = YES;
				INFOPLIST_FILE = "$(SRCROOT)/OTAnnotationAcceleratorBundle/Info.plist";
				INSTALL_PATH = "$(LOCAL_LIBRARY_DIR)/Bundles";
				MACOSX_DEPLOYMENT_TARGET = 10.11;
				PRODUCT_BUNDLE_IDENTIFIER = com.tokbox.OTAnnotationKitBundle;
				PRODUCT_NAME = "$(TARGET_NAME)";
				SDKROOT = iphoneos;
				SKIP_INSTALL = YES;
				WRAPPER_EXTENSION = bundle;
			};
			name = Debug;
		};
		A0AB583A1D2C4FDF00F8410B /* Release */ = {
			isa = XCBuildConfiguration;
			buildSettings = {
				CODE_SIGN_IDENTITY = "-";
				COMBINE_HIDPI_IMAGES = YES;
				INFOPLIST_FILE = "$(SRCROOT)/OTAnnotationAcceleratorBundle/Info.plist";
				INSTALL_PATH = "$(LOCAL_LIBRARY_DIR)/Bundles";
				MACOSX_DEPLOYMENT_TARGET = 10.11;
				PRODUCT_BUNDLE_IDENTIFIER = com.tokbox.OTAnnotationKitBundle;
				PRODUCT_NAME = "$(TARGET_NAME)";
				SDKROOT = iphoneos;
				SKIP_INSTALL = YES;
				WRAPPER_EXTENSION = bundle;
			};
			name = Release;
		};
		A0DB6E5D1D230BC900E14C86 /* Debug */ = {
			isa = XCBuildConfiguration;
			buildSettings = {
				ALWAYS_SEARCH_USER_PATHS = NO;
				CLANG_ANALYZER_NONNULL = YES;
				CLANG_CXX_LANGUAGE_STANDARD = "gnu++0x";
				CLANG_CXX_LIBRARY = "libc++";
				CLANG_ENABLE_MODULES = YES;
				CLANG_ENABLE_OBJC_ARC = YES;
				CLANG_WARN_BOOL_CONVERSION = YES;
				CLANG_WARN_CONSTANT_CONVERSION = YES;
				CLANG_WARN_DIRECT_OBJC_ISA_USAGE = YES_ERROR;
				CLANG_WARN_EMPTY_BODY = YES;
				CLANG_WARN_ENUM_CONVERSION = YES;
				CLANG_WARN_INFINITE_RECURSION = YES;
				CLANG_WARN_INT_CONVERSION = YES;
				CLANG_WARN_OBJC_ROOT_CLASS = YES_ERROR;
				CLANG_WARN_SUSPICIOUS_MOVE = YES;
				CLANG_WARN_UNREACHABLE_CODE = YES;
				CLANG_WARN__DUPLICATE_METHOD_MATCH = YES;
				"CODE_SIGN_IDENTITY[sdk=iphoneos*]" = "iPhone Developer";
				COPY_PHASE_STRIP = NO;
				DEBUG_INFORMATION_FORMAT = dwarf;
				ENABLE_STRICT_OBJC_MSGSEND = YES;
				ENABLE_TESTABILITY = YES;
				GCC_C_LANGUAGE_STANDARD = gnu99;
				GCC_DYNAMIC_NO_PIC = NO;
				GCC_NO_COMMON_BLOCKS = YES;
				GCC_OPTIMIZATION_LEVEL = 0;
				GCC_PREPROCESSOR_DEFINITIONS = (
					"DEBUG=1",
					"$(inherited)",
				);
				GCC_WARN_64_TO_32_BIT_CONVERSION = YES;
				GCC_WARN_ABOUT_RETURN_TYPE = YES_ERROR;
				GCC_WARN_UNDECLARED_SELECTOR = YES;
				GCC_WARN_UNINITIALIZED_AUTOS = YES_AGGRESSIVE;
				GCC_WARN_UNUSED_FUNCTION = YES;
				GCC_WARN_UNUSED_VARIABLE = YES;
				IPHONEOS_DEPLOYMENT_TARGET = 8.0;
				MTL_ENABLE_DEBUG_INFO = YES;
				ONLY_ACTIVE_ARCH = YES;
				SDKROOT = iphoneos;
				TARGETED_DEVICE_FAMILY = "1,2";
			};
			name = Debug;
		};
		A0DB6E5E1D230BC900E14C86 /* Release */ = {
			isa = XCBuildConfiguration;
			buildSettings = {
				ALWAYS_SEARCH_USER_PATHS = NO;
				CLANG_ANALYZER_NONNULL = YES;
				CLANG_CXX_LANGUAGE_STANDARD = "gnu++0x";
				CLANG_CXX_LIBRARY = "libc++";
				CLANG_ENABLE_MODULES = YES;
				CLANG_ENABLE_OBJC_ARC = YES;
				CLANG_WARN_BOOL_CONVERSION = YES;
				CLANG_WARN_CONSTANT_CONVERSION = YES;
				CLANG_WARN_DIRECT_OBJC_ISA_USAGE = YES_ERROR;
				CLANG_WARN_EMPTY_BODY = YES;
				CLANG_WARN_ENUM_CONVERSION = YES;
				CLANG_WARN_INFINITE_RECURSION = YES;
				CLANG_WARN_INT_CONVERSION = YES;
				CLANG_WARN_OBJC_ROOT_CLASS = YES_ERROR;
				CLANG_WARN_SUSPICIOUS_MOVE = YES;
				CLANG_WARN_UNREACHABLE_CODE = YES;
				CLANG_WARN__DUPLICATE_METHOD_MATCH = YES;
				"CODE_SIGN_IDENTITY[sdk=iphoneos*]" = "iPhone Developer";
				COPY_PHASE_STRIP = NO;
				DEBUG_INFORMATION_FORMAT = "dwarf-with-dsym";
				ENABLE_NS_ASSERTIONS = NO;
				ENABLE_STRICT_OBJC_MSGSEND = YES;
				GCC_C_LANGUAGE_STANDARD = gnu99;
				GCC_NO_COMMON_BLOCKS = YES;
				GCC_WARN_64_TO_32_BIT_CONVERSION = YES;
				GCC_WARN_ABOUT_RETURN_TYPE = YES_ERROR;
				GCC_WARN_UNDECLARED_SELECTOR = YES;
				GCC_WARN_UNINITIALIZED_AUTOS = YES_AGGRESSIVE;
				GCC_WARN_UNUSED_FUNCTION = YES;
				GCC_WARN_UNUSED_VARIABLE = YES;
				IPHONEOS_DEPLOYMENT_TARGET = 8.0;
				MTL_ENABLE_DEBUG_INFO = NO;
				SDKROOT = iphoneos;
				SWIFT_OPTIMIZATION_LEVEL = "-Owholemodule";
				TARGETED_DEVICE_FAMILY = "1,2";
				VALIDATE_PRODUCT = YES;
			};
			name = Release;
		};
		A0DB6E601D230BC900E14C86 /* Debug */ = {
			isa = XCBuildConfiguration;
			baseConfigurationReference = C61854348DFF6CF33A19F04B /* Pods-OTAnnotationAccelerator.debug.xcconfig */;
			buildSettings = {
				ASSETCATALOG_COMPILER_APPICON_NAME = AppIcon;
				DEVELOPMENT_TEAM = "";
				INFOPLIST_FILE = "$(SRCROOT)/OTAnnotationAcceleratorSample/Info.plist";
				IPHONEOS_DEPLOYMENT_TARGET = 9.0;
				LD_RUNPATH_SEARCH_PATHS = "$(inherited) @executable_path/Frameworks";
				PRODUCT_BUNDLE_IDENTIFIER = com.tokbox.OpenTokAnnotationAccPackDemo;
				PRODUCT_NAME = OTAnnotationAccelerator;
				SWIFT_OBJC_BRIDGING_HEADER = "OTAnnotationAcceleratorSample/OTAnnotationAccelerator-Bridging-Header.h";
				SWIFT_OPTIMIZATION_LEVEL = "-Onone";
				SWIFT_VERSION = 5.0;
			};
			name = Debug;
		};
		A0DB6E611D230BC900E14C86 /* Release */ = {
			isa = XCBuildConfiguration;
			baseConfigurationReference = 8AAD283866C2B496179A051A /* Pods-OTAnnotationAccelerator.release.xcconfig */;
			buildSettings = {
				ASSETCATALOG_COMPILER_APPICON_NAME = AppIcon;
				DEVELOPMENT_TEAM = "";
				INFOPLIST_FILE = "$(SRCROOT)/OTAnnotationAcceleratorSample/Info.plist";
				IPHONEOS_DEPLOYMENT_TARGET = 9.0;
				LD_RUNPATH_SEARCH_PATHS = "$(inherited) @executable_path/Frameworks";
				PRODUCT_BUNDLE_IDENTIFIER = com.tokbox.OpenTokAnnotationAccPackDemo;
				PRODUCT_NAME = OTAnnotationAccelerator;
				SWIFT_OBJC_BRIDGING_HEADER = "OTAnnotationAcceleratorSample/OTAnnotationAccelerator-Bridging-Header.h";
				SWIFT_VERSION = 5.0;
			};
			name = Release;
		};
/* End XCBuildConfiguration section */

/* Begin XCConfigurationList section */
		A0AB57801D2C392D00F8410B /* Build configuration list for PBXNativeTarget "OTAnnotationAcceleratorTests" */ = {
			isa = XCConfigurationList;
			buildConfigurations = (
				A0AB577D1D2C392D00F8410B /* Debug */,
				A0AB577E1D2C392D00F8410B /* Release */,
			);
			defaultConfigurationIsVisible = 0;
			defaultConfigurationName = Release;
		};
		A0AB58381D2C4FDF00F8410B /* Build configuration list for PBXNativeTarget "OTAnnotationAcceleratorBundle" */ = {
			isa = XCConfigurationList;
			buildConfigurations = (
				A0AB58391D2C4FDF00F8410B /* Debug */,
				A0AB583A1D2C4FDF00F8410B /* Release */,
			);
			defaultConfigurationIsVisible = 0;
			defaultConfigurationName = Release;
		};
		A0DB6E431D230BC900E14C86 /* Build configuration list for PBXProject "OTAnnotationAccelerator" */ = {
			isa = XCConfigurationList;
			buildConfigurations = (
				A0DB6E5D1D230BC900E14C86 /* Debug */,
				A0DB6E5E1D230BC900E14C86 /* Release */,
			);
			defaultConfigurationIsVisible = 0;
			defaultConfigurationName = Release;
		};
		A0DB6E5F1D230BC900E14C86 /* Build configuration list for PBXNativeTarget "OTAnnotationAccelerator" */ = {
			isa = XCConfigurationList;
			buildConfigurations = (
				A0DB6E601D230BC900E14C86 /* Debug */,
				A0DB6E611D230BC900E14C86 /* Release */,
			);
			defaultConfigurationIsVisible = 0;
			defaultConfigurationName = Release;
		};
/* End XCConfigurationList section */
	};
	rootObject = A0DB6E401D230BC900E14C86 /* Project object */;
}
